
Microsoft Visual Studio Solution File, Format Version 12.00
# Visual Studio Version 17
VisualStudioVersion = 17.0.32014.148
MinimumVisualStudioVersion = 10.0.40219.1
Project("{FAE04EC0-301F-11D3-BF4B-00C04F79EFBC}") = "PrivateVideo", "PrivateVideo\PrivateVideo.csproj", "{EA9F89BB-A33F-418A-B01F-30C126A41C17}"
EndProject
Global
	GlobalSection(SolutionConfigurationPlatforms) = preSolution
		Debug|Any CPU = Debug|Any CPU
		Release|Any CPU = Release|Any CPU
	EndGlobalSection
	GlobalSection(ProjectConfigurationPlatforms) = postSolution
		{EA9F89BB-A33F-418A-B01F-30C126A41C17}.Debug|Any CPU.ActiveCfg = Debug|Any CPU
		{EA9F89BB-A33F-418A-B01F-30C126A41C17}.Debug|Any CPU.Build.0 = Debug|Any CPU
		{EA9F89BB-A33F-418A-B01F-30C126A41C17}.Release|Any CPU.ActiveCfg = Release|Any CPU
		{EA9F89BB-A33F-418A-B01F-30C126A41C17}.Release|Any CPU.Build.0 = Release|Any CPU
	EndGlobalSection
	GlobalSection(SolutionProperties) = preSolution
		HideSolutionNode = FALSE
	EndGlobalSection
	GlobalSection(ExtensibilityGlobals) = postSolution
		SolutionGuid = {4784452B-14CE-419E-8557-5E74A480079C}
	EndGlobalSection
EndGlobal
